// !$*UTF8*$!
{
	archiveVersion = 1;
	classes = {
	};
	objectVersion = 46;
	objects = {

/* Begin PBXBuildFile section */
		843F206A1EE96BF600F05EEC /* AppDelegate.swift in Sources */ = {isa = PBXBuildFile; fileRef = 843F20691EE96BF600F05EEC /* AppDelegate.swift */; };
		843F206C1EE96BF600F05EEC /* ViewController.swift in Sources */ = {isa = PBXBuildFile; fileRef = 843F206B1EE96BF600F05EEC /* ViewController.swift */; };
		843F206F1EE96BF600F05EEC /* Main.storyboard in Resources */ = {isa = PBXBuildFile; fileRef = 843F206D1EE96BF600F05EEC /* Main.storyboard */; };
		843F20711EE96BF600F05EEC /* Assets.xcassets in Resources */ = {isa = PBXBuildFile; fileRef = 843F20701EE96BF600F05EEC /* Assets.xcassets */; };
		843F20741EE96BF600F05EEC /* LaunchScreen.storyboard in Resources */ = {isa = PBXBuildFile; fileRef = 843F20721EE96BF600F05EEC /* LaunchScreen.storyboard */; };
		843F207F1EE96BF600F05EEC /* SearchBarModuleTests.swift in Sources */ = {isa = PBXBuildFile; fileRef = 843F207E1EE96BF600F05EEC /* SearchBarModuleTests.swift */; };
		843F208A1EE96BF600F05EEC /* SearchBarModuleUITests.swift in Sources */ = {isa = PBXBuildFile; fileRef = 843F20891EE96BF600F05EEC /* SearchBarModuleUITests.swift */; };
/* End PBXBuildFile section */

/* Begin PBXContainerItemProxy section */
		843F207B1EE96BF600F05EEC /* PBXContainerItemProxy */ = {
			isa = PBXContainerItemProxy;
			containerPortal = 843F205E1EE96BF600F05EEC /* Project object */;
			proxyType = 1;
			remoteGlobalIDString = 843F20651EE96BF600F05EEC;
			remoteInfo = SearchBarModule;
		};
		843F20861EE96BF600F05EEC /* PBXContainerItemProxy */ = {
			isa = PBXContainerItemProxy;
			containerPortal = 843F205E1EE96BF600F05EEC /* Project object */;
			proxyType = 1;
			remoteGlobalIDString = 843F20651EE96BF600F05EEC;
			remoteInfo = SearchBarModule;
		};
/* End PBXContainerItemProxy section */

/* Begin PBXFileReference section */
		843F20661EE96BF600F05EEC /* SearchBarModule.app */ = {isa = PBXFileReference; explicitFileType = wrapper.application; includeInIndex = 0; path = SearchBarModule.app; sourceTree = BUILT_PRODUCTS_DIR; };
		843F20691EE96BF600F05EEC /* AppDelegate.swift */ = {isa = PBXFileReference; lastKnownFileType = sourcecode.swift; path = AppDelegate.swift; sourceTree = "<group>"; };
		843F206B1EE96BF600F05EEC /* ViewController.swift */ = {isa = PBXFileReference; lastKnownFileType = sourcecode.swift; path = ViewController.swift; sourceTree = "<group>"; };
		843F206E1EE96BF600F05EEC /* Base */ = {isa = PBXFileReference; lastKnownFileType = file.storyboard; name = Base; path = Base.lproj/Main.storyboard; sourceTree = "<group>"; };
		843F20701EE96BF600F05EEC /* Assets.xcassets */ = {isa = PBXFileReference; lastKnownFileType = folder.assetcatalog; path = Assets.xcassets; sourceTree = "<group>"; };
		843F20731EE96BF600F05EEC /* Base */ = {isa = PBXFileReference; lastKnownFileType = file.storyboard; name = Base; path = Base.lproj/LaunchScreen.storyboard; sourceTree = "<group>"; };
		843F20751EE96BF600F05EEC /* Info.plist */ = {isa = PBXFileReference; lastKnownFileType = text.plist.xml; path = Info.plist; sourceTree = "<group>"; };
		843F207A1EE96BF600F05EEC /* SearchBarModuleTests.xctest */ = {isa = PBXFileReference; explicitFileType = wrapper.cfbundle; includeInIndex = 0; path = SearchBarModuleTests.xctest; sourceTree = BUILT_PRODUCTS_DIR; };
		843F207E1EE96BF600F05EEC /* SearchBarModuleTests.swift */ = {isa = PBXFileReference; lastKnownFileType = sourcecode.swift; path = SearchBarModuleTests.swift; sourceTree = "<group>"; };
		843F20801EE96BF600F05EEC /* Info.plist */ = {isa = PBXFileReference; lastKnownFileType = text.plist.xml; path = Info.plist; sourceTree = "<group>"; };
		843F20851EE96BF600F05EEC /* SearchBarModuleUITests.xctest */ = {isa = PBXFileReference; explicitFileType = wrapper.cfbundle; includeInIndex = 0; path = SearchBarModuleUITests.xctest; sourceTree = BUILT_PRODUCTS_DIR; };
		843F20891EE96BF600F05EEC /* SearchBarModuleUITests.swift */ = {isa = PBXFileReference; lastKnownFileType = sourcecode.swift; path = SearchBarModuleUITests.swift; sourceTree = "<group>"; };
		843F208B1EE96BF600F05EEC /* Info.plist */ = {isa = PBXFileReference; lastKnownFileType = text.plist.xml; path = Info.plist; sourceTree = "<group>"; };
/* End PBXFileReference section */

/* Begin PBXFrameworksBuildPhase section */
		843F20631EE96BF600F05EEC /* Frameworks */ = {
			isa = PBXFrameworksBuildPhase;
			buildActionMask = 2147483647;
			files = (
			);
			runOnlyForDeploymentPostprocessing = 0;
		};
		843F20771EE96BF600F05EEC /* Frameworks */ = {
			isa = PBXFrameworksBuildPhase;
			buildActionMask = 2147483647;
			files = (
			);
			runOnlyForDeploymentPostprocessing = 0;
		};
		843F20821EE96BF600F05EEC /* Frameworks */ = {
			isa = PBXFrameworksBuildPhase;
			buildActionMask = 2147483647;
			files = (
			);
			runOnlyForDeploymentPostprocessing = 0;
		};
/* End PBXFrameworksBuildPhase section */

/* Begin PBXGroup section */
		843F205D1EE96BF600F05EEC = {
			isa = PBXGroup;
			children = (
				843F20681EE96BF600F05EEC /* SearchBarModule */,
				843F207D1EE96BF600F05EEC /* SearchBarModuleTests */,
				843F20881EE96BF600F05EEC /* SearchBarModuleUITests */,
				843F20671EE96BF600F05EEC /* Products */,
			);
			sourceTree = "<group>";
		};
		843F20671EE96BF600F05EEC /* Products */ = {
			isa = PBXGroup;
			children = (
				843F20661EE96BF600F05EEC /* SearchBarModule.app */,
				843F207A1EE96BF600F05EEC /* SearchBarModuleTests.xctest */,
				843F20851EE96BF600F05EEC /* SearchBarModuleUITests.xctest */,
			);
			name = Products;
			sourceTree = "<group>";
		};
		843F20681EE96BF600F05EEC /* SearchBarModule */ = {
			isa = PBXGroup;
			children = (
				843F20691EE96BF600F05EEC /* AppDelegate.swift */,
				843F206B1EE96BF600F05EEC /* ViewController.swift */,
				843F206D1EE96BF600F05EEC /* Main.storyboard */,
				843F20701EE96BF600F05EEC /* Assets.xcassets */,
				843F20721EE96BF600F05EEC /* LaunchScreen.storyboard */,
				843F20751EE96BF600F05EEC /* Info.plist */,
			);
			path = SearchBarModule;
			sourceTree = "<group>";
		};
		843F207D1EE96BF600F05EEC /* SearchBarModuleTests */ = {
			isa = PBXGroup;
			children = (
				843F207E1EE96BF600F05EEC /* SearchBarModuleTests.swift */,
				843F20801EE96BF600F05EEC /* Info.plist */,
			);
			path = SearchBarModuleTests;
			sourceTree = "<group>";
		};
		843F20881EE96BF600F05EEC /* SearchBarModuleUITests */ = {
			isa = PBXGroup;
			children = (
				843F20891EE96BF600F05EEC /* SearchBarModuleUITests.swift */,
				843F208B1EE96BF600F05EEC /* Info.plist */,
			);
			path = SearchBarModuleUITests;
			sourceTree = "<group>";
		};
/* End PBXGroup section */

/* Begin PBXNativeTarget section */
		843F20651EE96BF600F05EEC /* SearchBarModule */ = {
			isa = PBXNativeTarget;
			buildConfigurationList = 843F208E1EE96BF600F05EEC /* Build configuration list for PBXNativeTarget "SearchBarModule" */;
			buildPhases = (
				843F20621EE96BF600F05EEC /* Sources */,
				843F20631EE96BF600F05EEC /* Frameworks */,
				843F20641EE96BF600F05EEC /* Resources */,
			);
			buildRules = (
			);
			dependencies = (
			);
			name = SearchBarModule;
			productName = SearchBarModule;
			productReference = 843F20661EE96BF600F05EEC /* SearchBarModule.app */;
			productType = "com.apple.product-type.application";
		};
		843F20791EE96BF600F05EEC /* SearchBarModuleTests */ = {
			isa = PBXNativeTarget;
			buildConfigurationList = 843F20911EE96BF600F05EEC /* Build configuration list for PBXNativeTarget "SearchBarModuleTests" */;
			buildPhases = (
				843F20761EE96BF600F05EEC /* Sources */,
				843F20771EE96BF600F05EEC /* Frameworks */,
				843F20781EE96BF600F05EEC /* Resources */,
			);
			buildRules = (
			);
			dependencies = (
				843F207C1EE96BF600F05EEC /* PBXTargetDependency */,
			);
			name = SearchBarModuleTests;
			productName = SearchBarModuleTests;
			productReference = 843F207A1EE96BF600F05EEC /* SearchBarModuleTests.xctest */;
			productType = "com.apple.product-type.bundle.unit-test";
		};
		843F20841EE96BF600F05EEC /* SearchBarModuleUITests */ = {
			isa = PBXNativeTarget;
			buildConfigurationList = 843F20941EE96BF600F05EEC /* Build configuration list for PBXNativeTarget "SearchBarModuleUITests" */;
			buildPhases = (
				843F20811EE96BF600F05EEC /* Sources */,
				843F20821EE96BF600F05EEC /* Frameworks */,
				843F20831EE96BF600F05EEC /* Resources */,
			);
			buildRules = (
			);
			dependencies = (
				843F20871EE96BF600F05EEC /* PBXTargetDependency */,
			);
			name = SearchBarModuleUITests;
			productName = SearchBarModuleUITests;
			productReference = 843F20851EE96BF600F05EEC /* SearchBarModuleUITests.xctest */;
			productType = "com.apple.product-type.bundle.ui-testing";
		};
/* End PBXNativeTarget section */

/* Begin PBXProject section */
		843F205E1EE96BF600F05EEC /* Project object */ = {
			isa = PBXProject;
			attributes = {
				LastSwiftUpdateCheck = 0830;
				LastUpgradeCheck = 0830;
				ORGANIZATIONNAME = Admin;
				TargetAttributes = {
					843F20651EE96BF600F05EEC = {
						CreatedOnToolsVersion = 8.3.2;
						ProvisioningStyle = Automatic;
					};
					843F20791EE96BF600F05EEC = {
						CreatedOnToolsVersion = 8.3.2;
						ProvisioningStyle = Automatic;
						TestTargetID = 843F20651EE96BF600F05EEC;
					};
					843F20841EE96BF600F05EEC = {
						CreatedOnToolsVersion = 8.3.2;
						ProvisioningStyle = Automatic;
						TestTargetID = 843F20651EE96BF600F05EEC;
					};
				};
			};
			buildConfigurationList = 843F20611EE96BF600F05EEC /* Build configuration list for PBXProject "SearchBarModule" */;
			compatibilityVersion = "Xcode 3.2";
			developmentRegion = English;
			hasScannedForEncodings = 0;
			knownRegions = (
				en,
				Base,
			);
			mainGroup = 843F205D1EE96BF600F05EEC;
			productRefGroup = 843F20671EE96BF600F05EEC /* Products */;
			projectDirPath = "";
			projectRoot = "";
			targets = (
				843F20651EE96BF600F05EEC /* SearchBarModule */,
				843F20791EE96BF600F05EEC /* SearchBarModuleTests */,
				843F20841EE96BF600F05EEC /* SearchBarModuleUITests */,
			);
		};
/* End PBXProject section */

/* Begin PBXResourcesBuildPhase section */
		843F20641EE96BF600F05EEC /* Resources */ = {
			isa = PBXResourcesBuildPhase;
			buildActionMask = 2147483647;
			files = (
				843F20741EE96BF600F05EEC /* LaunchScreen.storyboard in Resources */,
				843F20711EE96BF600F05EEC /* Assets.xcassets in Resources */,
				843F206F1EE96BF600F05EEC /* Main.storyboard in Resources */,
			);
			runOnlyForDeploymentPostprocessing = 0;
		};
		843F20781EE96BF600F05EEC /* Resources */ = {
			isa = PBXResourcesBuildPhase;
			buildActionMask = 2147483647;
			files = (
			);
			runOnlyForDeploymentPostprocessing = 0;
		};
		843F20831EE96BF600F05EEC /* Resources */ = {
			isa = PBXResourcesBuildPhase;
			buildActionMask = 2147483647;
			files = (
			);
			runOnlyForDeploymentPostprocessing = 0;
		};
/* End PBXResourcesBuildPhase section */

/* Begin PBXSourcesBuildPhase section */
		843F20621EE96BF600F05EEC /* Sources */ = {
			isa = PBXSourcesBuildPhase;
			buildActionMask = 2147483647;
			files = (
				843F206C1EE96BF600F05EEC /* ViewController.swift in Sources */,
				843F206A1EE96BF600F05EEC /* AppDelegate.swift in Sources */,
			);
			runOnlyForDeploymentPostprocessing = 0;
		};
		843F20761EE96BF600F05EEC /* Sources */ = {
			isa = PBXSourcesBuildPhase;
			buildActionMask = 2147483647;
			files = (
				843F207F1EE96BF600F05EEC /* SearchBarModuleTests.swift in Sources */,
			);
			runOnlyForDeploymentPostprocessing = 0;
		};
		843F20811EE96BF600F05EEC /* Sources */ = {
			isa = PBXSourcesBuildPhase;
			buildActionMask = 2147483647;
			files = (
				843F208A1EE96BF600F05EEC /* SearchBarModuleUITests.swift in Sources */,
			);
			runOnlyForDeploymentPostprocessing = 0;
		};
/* End PBXSourcesBuildPhase section */

/* Begin PBXTargetDependency section */
		843F207C1EE96BF600F05EEC /* PBXTargetDependency */ = {
			isa = PBXTargetDependency;
			target = 843F20651EE96BF600F05EEC /* SearchBarModule */;
			targetProxy = 843F207B1EE96BF600F05EEC /* PBXContainerItemProxy */;
		};
		843F20871EE96BF600F05EEC /* PBXTargetDependency */ = {
			isa = PBXTargetDependency;
			target = 843F20651EE96BF600F05EEC /* SearchBarModule */;
			targetProxy = 843F20861EE96BF600F05EEC /* PBXContainerItemProxy */;
		};
/* End PBXTargetDependency section */

/* Begin PBXVariantGroup section */
		843F206D1EE96BF600F05EEC /* Main.storyboard */ = {
			isa = PBXVariantGroup;
			children = (
				843F206E1EE96BF600F05EEC /* Base */,
			);
			name = Main.storyboard;
			sourceTree = "<group>";
		};
		843F20721EE96BF600F05EEC /* LaunchScreen.storyboard */ = {
			isa = PBXVariantGroup;
			children = (
				843F20731EE96BF600F05EEC /* Base */,
			);
			name = LaunchScreen.storyboard;
			sourceTree = "<group>";
		};
/* End PBXVariantGroup section */

/* Begin XCBuildConfiguration section */
		843F208C1EE96BF600F05EEC /* Debug */ = {
			isa = XCBuildConfiguration;
			buildSettings = {
				ALWAYS_SEARCH_USER_PATHS = NO;
				CLANG_ANALYZER_NONNULL = YES;
				CLANG_ANALYZER_NUMBER_OBJECT_CONVERSION = YES_AGGRESSIVE;
				CLANG_CXX_LANGUAGE_STANDARD = "gnu++0x";
				CLANG_CXX_LIBRARY = "libc++";
				CLANG_ENABLE_MODULES = YES;
				CLANG_ENABLE_OBJC_ARC = YES;
				CLANG_WARN_BOOL_CONVERSION = YES;
				CLANG_WARN_CONSTANT_CONVERSION = YES;
				CLANG_WARN_DIRECT_OBJC_ISA_USAGE = YES_ERROR;
				CLANG_WARN_DOCUMENTATION_COMMENTS = YES;
				CLANG_WARN_EMPTY_BODY = YES;
				CLANG_WARN_ENUM_CONVERSION = YES;
				CLANG_WARN_INFINITE_RECURSION = YES;
				CLANG_WARN_INT_CONVERSION = YES;
				CLANG_WARN_OBJC_ROOT_CLASS = YES_ERROR;
				CLANG_WARN_SUSPICIOUS_MOVE = YES;
				CLANG_WARN_UNREACHABLE_CODE = YES;
				CLANG_WARN__DUPLICATE_METHOD_MATCH = YES;
				"CODE_SIGN_IDENTITY[sdk=iphoneos*]" = "iPhone Developer";
				COPY_PHASE_STRIP = NO;
				DEBUG_INFORMATION_FORMAT = dwarf;
				ENABLE_STRICT_OBJC_MSGSEND = YES;
				ENABLE_TESTABILITY = YES;
				GCC_C_LANGUAGE_STANDARD = gnu99;
				GCC_DYNAMIC_NO_PIC = NO;
				GCC_NO_COMMON_BLOCKS = YES;
				GCC_OPTIMIZATION_LEVEL = 0;
				GCC_PREPROCESSOR_DEFINITIONS = (
					"DEBUG=1",
					"$(inherited)",
				);
				GCC_WARN_64_TO_32_BIT_CONVERSION = YES;
				GCC_WARN_ABOUT_RETURN_TYPE = YES_ERROR;
				GCC_WARN_UNDECLARED_SELECTOR = YES;
				GCC_WARN_UNINITIALIZED_AUTOS = YES_AGGRESSIVE;
				GCC_WARN_UNUSED_FUNCTION = YES;
				GCC_WARN_UNUSED_VARIABLE = YES;
				IPHONEOS_DEPLOYMENT_TARGET = 10.3;
				MTL_ENABLE_DEBUG_INFO = YES;
				ONLY_ACTIVE_ARCH = YES;
				SDKROOT = iphoneos;
				SWIFT_ACTIVE_COMPILATION_CONDITIONS = DEBUG;
				SWIFT_OPTIMIZATION_LEVEL = "-Onone";
				TARGETED_DEVICE_FAMILY = "1,2";
			};
			name = Debug;
		};
		843F208D1EE96BF600F05EEC /* Release */ = {
			isa = XCBuildConfiguration;
			buildSettings = {
				ALWAYS_SEARCH_USER_PATHS = NO;
				CLANG_ANALYZER_NONNULL = YES;
				CLANG_ANALYZER_NUMBER_OBJECT_CONVERSION = YES_AGGRESSIVE;
				CLANG_CXX_LANGUAGE_STANDARD = "gnu++0x";
				CLANG_CXX_LIBRARY = "libc++";
				CLANG_ENABLE_MODULES = YES;
				CLANG_ENABLE_OBJC_ARC = YES;
				CLANG_WARN_BOOL_CONVERSION = YES;
				CLANG_WARN_CONSTANT_CONVERSION = YES;
				CLANG_WARN_DIRECT_OBJC_ISA_USAGE = YES_ERROR;
				CLANG_WARN_DOCUMENTATION_COMMENTS = YES;
				CLANG_WARN_EMPTY_BODY = YES;
				CLANG_WARN_ENUM_CONVERSION = YES;
				CLANG_WARN_INFINITE_RECURSION = YES;
				CLANG_WARN_INT_CONVERSION = YES;
				CLANG_WARN_OBJC_ROOT_CLASS = YES_ERROR;
				CLANG_WARN_SUSPICIOUS_MOVE = YES;
				CLANG_WARN_UNREACHABLE_CODE = YES;
				CLANG_WARN__DUPLICATE_METHOD_MATCH = YES;
				"CODE_SIGN_IDENTITY[sdk=iphoneos*]" = "iPhone Developer";
				COPY_PHASE_STRIP = NO;
				DEBUG_INFORMATION_FORMAT = "dwarf-with-dsym";
				ENABLE_NS_ASSERTIONS = NO;
				ENABLE_STRICT_OBJC_MSGSEND = YES;
				GCC_C_LANGUAGE_STANDARD = gnu99;
				GCC_NO_COMMON_BLOCKS = YES;
				GCC_WARN_64_TO_32_BIT_CONVERSION = YES;
				GCC_WARN_ABOUT_RETURN_TYPE = YES_ERROR;
				GCC_WARN_UNDECLARED_SELECTOR = YES;
				GCC_WARN_UNINITIALIZED_AUTOS = YES_AGGRESSIVE;
				GCC_WARN_UNUSED_FUNCTION = YES;
				GCC_WARN_UNUSED_VARIABLE = YES;
				IPHONEOS_DEPLOYMENT_TARGET = 10.3;
				MTL_ENABLE_DEBUG_INFO = NO;
				SDKROOT = iphoneos;
				SWIFT_OPTIMIZATION_LEVEL = "-Owholemodule";
				TARGETED_DEVICE_FAMILY = "1,2";
				VALIDATE_PRODUCT = YES;
			};
			name = Release;
		};
		843F208F1EE96BF600F05EEC /* Debug */ = {
			isa = XCBuildConfiguration;
			buildSettings = {
				ASSETCATALOG_COMPILER_APPICON_NAME = AppIcon;
				INFOPLIST_FILE = SearchBarModule/Info.plist;
				LD_RUNPATH_SEARCH_PATHS = "$(inherited) @executable_path/Frameworks";
				PRODUCT_BUNDLE_IDENTIFIER = test.SearchBarModule;
				PRODUCT_NAME = "$(TARGET_NAME)";
				SWIFT_VERSION = 3.0;
			};
			name = Debug;
		};
		843F20901EE96BF600F05EEC /* Release */ = {
			isa = XCBuildConfiguration;
			buildSettings = {
				ASSETCATALOG_COMPILER_APPICON_NAME = AppIcon;
				INFOPLIST_FILE = SearchBarModule/Info.plist;
				LD_RUNPATH_SEARCH_PATHS = "$(inherited) @executable_path/Frameworks";
				PRODUCT_BUNDLE_IDENTIFIER = test.SearchBarModule;
				PRODUCT_NAME = "$(TARGET_NAME)";
				SWIFT_VERSION = 3.0;
			};
			name = Release;
		};
		843F20921EE96BF600F05EEC /* Debug */ = {
			isa = XCBuildConfiguration;
			buildSettings = {
				ALWAYS_EMBED_SWIFT_STANDARD_LIBRARIES = YES;
				BUNDLE_LOADER = "$(TEST_HOST)";
				INFOPLIST_FILE = SearchBarModuleTests/Info.plist;
				LD_RUNPATH_SEARCH_PATHS = "$(inherited) @executable_path/Frameworks @loader_path/Frameworks";
				PRODUCT_BUNDLE_IDENTIFIER = test.SearchBarModuleTests;
				PRODUCT_NAME = "$(TARGET_NAME)";
				SWIFT_VERSION = 3.0;
				TEST_HOST = "$(BUILT_PRODUCTS_DIR)/SearchBarModule.app/SearchBarModule";
			};
			name = Debug;
		};
		843F20931EE96BF600F05EEC /* Release */ = {
			isa = XCBuildConfiguration;
			buildSettings = {
				ALWAYS_EMBED_SWIFT_STANDARD_LIBRARIES = YES;
				BUNDLE_LOADER = "$(TEST_HOST)";
				INFOPLIST_FILE = SearchBarModuleTests/Info.plist;
				LD_RUNPATH_SEARCH_PATHS = "$(inherited) @executable_path/Frameworks @loader_path/Frameworks";
				PRODUCT_BUNDLE_IDENTIFIER = test.SearchBarModuleTests;
				PRODUCT_NAME = "$(TARGET_NAME)";
				SWIFT_VERSION = 3.0;
				TEST_HOST = "$(BUILT_PRODUCTS_DIR)/SearchBarModule.app/SearchBarModule";
			};
			name = Release;
		};
		843F20951EE96BF600F05EEC /* Debug */ = {
			isa = XCBuildConfiguration;
			buildSettings = {
				ALWAYS_EMBED_SWIFT_STANDARD_LIBRARIES = YES;
				INFOPLIST_FILE = SearchBarModuleUITests/Info.plist;
				LD_RUNPATH_SEARCH_PATHS = "$(inherited) @executable_path/Frameworks @loader_path/Frameworks";
				PRODUCT_BUNDLE_IDENTIFIER = test.SearchBarModuleUITests;
				PRODUCT_NAME = "$(TARGET_NAME)";
				SWIFT_VERSION = 3.0;
				TEST_TARGET_NAME = SearchBarModule;
			};
			name = Debug;
		};
		843F20961EE96BF600F05EEC /* Release */ = {
			isa = XCBuildConfiguration;
			buildSettings = {
				ALWAYS_EMBED_SWIFT_STANDARD_LIBRARIES = YES;
				INFOPLIST_FILE = SearchBarModuleUITests/Info.plist;
				LD_RUNPATH_SEARCH_PATHS = "$(inherited) @executable_path/Frameworks @loader_path/Frameworks";
				PRODUCT_BUNDLE_IDENTIFIER = test.SearchBarModuleUITests;
				PRODUCT_NAME = "$(TARGET_NAME)";
				SWIFT_VERSION = 3.0;
				TEST_TARGET_NAME = SearchBarModule;
			};
			name = Release;
		};
/* End XCBuildConfiguration section */

/* Begin XCConfigurationList section */
		843F20611EE96BF600F05EEC /* Build configuration list for PBXProject "SearchBarModule" */ = {
			isa = XCConfigurationList;
			buildConfigurations = (
				843F208C1EE96BF600F05EEC /* Debug */,
				843F208D1EE96BF600F05EEC /* Release */,
			);
			defaultConfigurationIsVisible = 0;
			defaultConfigurationName = Release;
		};
		843F208E1EE96BF600F05EEC /* Build configuration list for PBXNativeTarget "SearchBarModule" */ = {
			isa = XCConfigurationList;
			buildConfigurations = (
				843F208F1EE96BF600F05EEC /* Debug */,
				843F20901EE96BF600F05EEC /* Release */,
			);
			defaultConfigurationIsVisible = 0;
		};
		843F20911EE96BF600F05EEC /* Build configuration list for PBXNativeTarget "SearchBarModuleTests" */ = {
			isa = XCConfigurationList;
			buildConfigurations = (
				843F20921EE96BF600F05EEC /* Debug */,
				843F20931EE96BF600F05EEC /* Release */,
			);
			defaultConfigurationIsVisible = 0;
		};
		843F20941EE96BF600F05EEC /* Build configuration list for PBXNativeTarget "SearchBarModuleUITests" */ = {
			isa = XCConfigurationList;
			buildConfigurations = (
				843F20951EE96BF600F05EEC /* Debug */,
				843F20961EE96BF600F05EEC /* Release */,
			);
			defaultConfigurationIsVisible = 0;
		};
/* End XCConfigurationList section */
	};
	rootObject = 843F205E1EE96BF600F05EEC /* Project object */;
}
